{
    "_readme": [
        "This file locks the dependencies of your project to a known state",
        "Read more about it at https://getcomposer.org/doc/01-basic-usage.md#composer-lock-the-lock-file",
        "This file is @generated automatically"
    ],
    "content-hash": "da56a9710a1bd021126895e27e8c4911",
    "packages": [
        {
            "name": "phpbenchmarks/benchmark-rest-data",
            "version": "1.0.0",
            "source": {
                "type": "git",
                "url": "https://github.com/phpbenchmarks/benchmark-rest-data.git",
                "reference": "f071a8ffcf9082f53ce1ee8b112aaacab2f32690"
            },
            "dist": {
                "type": "zip",
                "url": "https://api.github.com/repos/phpbenchmarks/benchmark-rest-data/zipball/f071a8ffcf9082f53ce1ee8b112aaacab2f32690",
                "reference": "f071a8ffcf9082f53ce1ee8b112aaacab2f32690",
                "shasum": ""
            },
            "require": {
                "php": ">=5.4.0"
            },
            "type": "project",
            "autoload": {
                "psr-4": {
                    "PhpBenchmarksRestData\\": ""
                }
            },
            "notification-url": "https://packagist.org/downloads/",
            "license": [
                "proprietary"
            ],
            "time": "2017-10-24T01:42:51+00:00"
        }
    ],
    "packages-dev": [],
    "aliases": [],
    "minimum-stability": "stable",
    "stability-flags": [],
    "prefer-stable": false,
    "prefer-lowest": false,
    "platform": {
        "php": "^7.0"
    },
    "platform-dev": []
}
